
Microsoft Visual Studio Solution File, Format Version 12.00
# Visual Studio Version 16
VisualStudioVersion = 16.0.34031.81
MinimumVisualStudioVersion = 10.0.40219.1
Project("{FAE04EC0-301F-11D3-BF4B-00C04F79EFBC}") = "OláNovamenteMundo", "OláNovamenteMundo\OláNovamenteMundo.csproj", "{4A54E5CD-2462-42C1-9BA5-C0BCEA2805C0}"
EndProject
Global
	GlobalSection(SolutionConfigurationPlatforms) = preSolution
		Debug|Any CPU = Debug|Any CPU
		Release|Any CPU = Release|Any CPU
	EndGlobalSection
	GlobalSection(ProjectConfigurationPlatforms) = postSolution
		{4A54E5CD-2462-42C1-9BA5-C0BCEA2805C0}.Debug|Any CPU.ActiveCfg = Debug|Any CPU
		{4A54E5CD-2462-42C1-9BA5-C0BCEA2805C0}.Debug|Any CPU.Build.0 = Debug|Any CPU
		{4A54E5CD-2462-42C1-9BA5-C0BCEA2805C0}.Release|Any CPU.ActiveCfg = Release|Any CPU
		{4A54E5CD-2462-42C1-9BA5-C0BCEA2805C0}.Release|Any CPU.Build.0 = Release|Any CPU
	EndGlobalSection
	GlobalSection(SolutionProperties) = preSolution
		HideSolutionNode = FALSE
	EndGlobalSection
	GlobalSection(ExtensibilityGlobals) = postSolution
		SolutionGuid = {BFEB4CF5-DDB7-4F34-90FC-D548BA256916}
	EndGlobalSection
EndGlobal
